
Microsoft Visual Studio Solution File, Format Version 12.00
Project("{FAE04EC0-301F-11D3-BF4B-00C04F79EFBC}") = "lan-management-api", "lan-management-api\lan-management-api.csproj", "{1C02E044-5E01-470B-B739-A1356F95AEF7}"
EndProject
Global
	GlobalSection(SolutionConfigurationPlatforms) = preSolution
		Debug|Any CPU = Debug|Any CPU
		Release|Any CPU = Release|Any CPU
	EndGlobalSection
	GlobalSection(ProjectConfigurationPlatforms) = postSolution
		{1C02E044-5E01-470B-B739-A1356F95AEF7}.Debug|Any CPU.ActiveCfg = Debug|Any CPU
		{1C02E044-5E01-470B-B739-A1356F95AEF7}.Debug|Any CPU.Build.0 = Debug|Any CPU
		{1C02E044-5E01-470B-B739-A1356F95AEF7}.Release|Any CPU.ActiveCfg = Release|Any CPU
		{1C02E044-5E01-470B-B739-A1356F95AEF7}.Release|Any CPU.Build.0 = Release|Any CPU
	EndGlobalSection
EndGlobal
